
Microsoft Visual Studio Solution File, Format Version 12.00
# Visual Studio 15
VisualStudioVersion = 15.0.26124.0
MinimumVisualStudioVersion = 15.0.26124.0
Project("{FAE04EC0-301F-11D3-BF4B-00C04F79EFBC}") = "MikaelElkiaer.Extensions.Configuration.Bitwarden", "MikaelElkiaer.Extensions.Configuration.Bitwarden\MikaelElkiaer.Extensions.Configuration.Bitwarden.csproj", "{9B2163F6-B7F2-47F9-AFE1-FF1C919206E8}"
EndProject
Project("{FAE04EC0-301F-11D3-BF4B-00C04F79EFBC}") = "MikaelElkiaer.Extensions.Configuration.Example", "MikaelElkiaer.Extensions.Configuration.Example\MikaelElkiaer.Extensions.Configuration.Example.csproj", "{E59A9907-8F79-4211-AAEC-7DD760598DA5}"
EndProject
Global
	GlobalSection(SolutionConfigurationPlatforms) = preSolution
		Debug|Any CPU = Debug|Any CPU
		Debug|x64 = Debug|x64
		Debug|x86 = Debug|x86
		Release|Any CPU = Release|Any CPU
		Release|x64 = Release|x64
		Release|x86 = Release|x86
	EndGlobalSection
	GlobalSection(SolutionProperties) = preSolution
		HideSolutionNode = FALSE
	EndGlobalSection
	GlobalSection(ProjectConfigurationPlatforms) = postSolution
		{9B2163F6-B7F2-47F9-AFE1-FF1C919206E8}.Debug|Any CPU.ActiveCfg = Debug|Any CPU
		{9B2163F6-B7F2-47F9-AFE1-FF1C919206E8}.Debug|Any CPU.Build.0 = Debug|Any CPU
		{9B2163F6-B7F2-47F9-AFE1-FF1C919206E8}.Debug|x64.ActiveCfg = Debug|Any CPU
		{9B2163F6-B7F2-47F9-AFE1-FF1C919206E8}.Debug|x64.Build.0 = Debug|Any CPU
		{9B2163F6-B7F2-47F9-AFE1-FF1C919206E8}.Debug|x86.ActiveCfg = Debug|Any CPU
		{9B2163F6-B7F2-47F9-AFE1-FF1C919206E8}.Debug|x86.Build.0 = Debug|Any CPU
		{9B2163F6-B7F2-47F9-AFE1-FF1C919206E8}.Release|Any CPU.ActiveCfg = Release|Any CPU
		{9B2163F6-B7F2-47F9-AFE1-FF1C919206E8}.Release|Any CPU.Build.0 = Release|Any CPU
		{9B2163F6-B7F2-47F9-AFE1-FF1C919206E8}.Release|x64.ActiveCfg = Release|Any CPU
		{9B2163F6-B7F2-47F9-AFE1-FF1C919206E8}.Release|x64.Build.0 = Release|Any CPU
		{9B2163F6-B7F2-47F9-AFE1-FF1C919206E8}.Release|x86.ActiveCfg = Release|Any CPU
		{9B2163F6-B7F2-47F9-AFE1-FF1C919206E8}.Release|x86.Build.0 = Release|Any CPU
		{E59A9907-8F79-4211-AAEC-7DD760598DA5}.Debug|Any CPU.ActiveCfg = Debug|Any CPU
		{E59A9907-8F79-4211-AAEC-7DD760598DA5}.Debug|Any CPU.Build.0 = Debug|Any CPU
		{E59A9907-8F79-4211-AAEC-7DD760598DA5}.Debug|x64.ActiveCfg = Debug|Any CPU
		{E59A9907-8F79-4211-AAEC-7DD760598DA5}.Debug|x64.Build.0 = Debug|Any CPU
		{E59A9907-8F79-4211-AAEC-7DD760598DA5}.Debug|x86.ActiveCfg = Debug|Any CPU
		{E59A9907-8F79-4211-AAEC-7DD760598DA5}.Debug|x86.Build.0 = Debug|Any CPU
		{E59A9907-8F79-4211-AAEC-7DD760598DA5}.Release|Any CPU.ActiveCfg = Release|Any CPU
		{E59A9907-8F79-4211-AAEC-7DD760598DA5}.Release|Any CPU.Build.0 = Release|Any CPU
		{E59A9907-8F79-4211-AAEC-7DD760598DA5}.Release|x64.ActiveCfg = Release|Any CPU
		{E59A9907-8F79-4211-AAEC-7DD760598DA5}.Release|x64.Build.0 = Release|Any CPU
		{E59A9907-8F79-4211-AAEC-7DD760598DA5}.Release|x86.ActiveCfg = Release|Any CPU
		{E59A9907-8F79-4211-AAEC-7DD760598DA5}.Release|x86.Build.0 = Release|Any CPU
	EndGlobalSection
EndGlobal
